{
    "_readme": [
        "This file locks the dependencies of your project to a known state",
        "Read more about it at https://getcomposer.org/doc/01-basic-usage.md#installing-dependencies",
        "This file is @generated automatically"
    ],
    "content-hash": "cf40618c8c58cf182ad46806532f99d5",
    "packages": [
        {
            "name": "benlumia007/backdrop-core",
            "version": "dev-develop",
            "source": {
                "type": "git",
                "url": "https://github.com/benlumia007/backdrop-core.git",
                "reference": "f23d7e8f110ada1b08f43a23ec8b2c016c60b4d7"
            },
            "dist": {
                "type": "zip",
                "url": "https://api.github.com/repos/benlumia007/backdrop-core/zipball/f23d7e8f110ada1b08f43a23ec8b2c016c60b4d7",
                "reference": "f23d7e8f110ada1b08f43a23ec8b2c016c60b4d7",
                "shasum": ""
            },
            "require": {
                "php": ">=5.6"
            },
            "type": "library",
            "autoload": {
                "psr-4": {
                    "Benlumia007\\Backdrop\\": "src/"
                },
                "files": [
                    "src/Entry/functions-entry.php",
                    "src/MainQuery/functions-loop.php",
                    "src/Sidebar/functions-sidebar.php",
                    "src/Site/functions-site.php"
                ]
            },
            "notification-url": "https://packagist.org/downloads/",
            "license": [
                "GPL-2.0-or-later"
            ],
            "authors": [
                {
                    "name": "Benjamin Lu",
                    "email": "benlumia007@gmail.com",
                    "homepage": "https://benjlu.com",
                    "role": "Developer"
                }
            ],
            "description": "A core that helps you build amazing themes",
            "homepage": "https://github.com/benlumia007/backdrop-core",
            "keywords": [
                "wordpress"
            ],
            "time": "2019-04-23T05:55:05+00:00"
        }
    ],
    "packages-dev": [],
    "aliases": [],
    "minimum-stability": "stable",
    "stability-flags": {
        "benlumia007/backdrop-core": 20
    },
    "prefer-stable": false,
    "prefer-lowest": false,
    "platform": {
        "php": ">=5.6"
    },
    "platform-dev": []
}
